
Microsoft Visual Studio Solution File, Format Version 12.00
# Visual Studio Version 17
VisualStudioVersion = 17.0.32014.148
MinimumVisualStudioVersion = 10.0.40219.1
Project("{8BC9CEB8-8B4A-11D0-8D11-00A0C91BC942}") = "Week 1", "Week 1\Week 1.vcxproj", "{D7745A40-5BFA-483B-AD14-27F5C72B2012}"
EndProject
Project("{8BC9CEB8-8B4A-11D0-8D11-00A0C91BC942}") = "Week 2", "Week 2\Week 2.vcxproj", "{4E968929-5B14-4394-BEAE-AB4E82BF1F6C}"
EndProject
Project("{8BC9CEB8-8B4A-11D0-8D11-00A0C91BC942}") = "Lab 1", "Lab1\Lab1.vcxproj", "{11F9D681-F271-49ED-81BE-4DA8CA2991B7}"
EndProject
Project("{8BC9CEB8-8B4A-11D0-8D11-00A0C91BC942}") = "Week 3", "Week3\Week3.vcxproj", "{4A1880ED-4899-4293-A42D-03059F8D20FE}"
EndProject
Project("{8BC9CEB8-8B4A-11D0-8D11-00A0C91BC942}") = "Week 4", "Week 4\Week 4.vcxproj", "{A3387971-9A74-4418-A2D7-4005689F8E9B}"
EndProject
Project("{8BC9CEB8-8B4A-11D0-8D11-00A0C91BC942}") = "Lab 2", "Lab 2\Lab 2.vcxproj", "{063C6C8C-A2D1-46F9-AB7B-51F696A69B7B}"
EndProject
Project("{8BC9CEB8-8B4A-11D0-8D11-00A0C91BC942}") = "Week 5-6", "Week5\Week5.vcxproj", "{5B9FC6B5-ACB0-41B1-AF1F-70FD7B737E03}"
EndProject
Project("{8BC9CEB8-8B4A-11D0-8D11-00A0C91BC942}") = "Assignment 1", "Assignment 1\Assignment 1.vcxproj", "{8F089A13-4242-46B3-927A-112C156A67B6}"
EndProject
Project("{8BC9CEB8-8B4A-11D0-8D11-00A0C91BC942}") = "Week 9", "Week 9\Week 9.vcxproj", "{84B3A4C2-6C42-40AB-B22F-EDCC00F39EEF}"
EndProject
Project("{8BC9CEB8-8B4A-11D0-8D11-00A0C91BC942}") = "Lab 3", "Lab 3\Lab 3.vcxproj", "{B2BA82FA-DB89-42B1-90E0-665D70A818BD}"
EndProject
Project("{8BC9CEB8-8B4A-11D0-8D11-00A0C91BC942}") = "Week 10", "Week 10\Week 10.vcxproj", "{E833F051-A370-4245-BFF3-5E34AB8A30E6}"
EndProject
Project("{8BC9CEB8-8B4A-11D0-8D11-00A0C91BC942}") = "Week 11", "Week 11\Week 11.vcxproj", "{0B7A6EB0-8BA2-42B2-B1BC-A8A7D0128988}"
EndProject
Project("{8BC9CEB8-8B4A-11D0-8D11-00A0C91BC942}") = "Lab 4", "Lab 4\Lab 4.vcxproj", "{C0E6B6F7-7297-48F5-8BD9-13EE758E3B38}"
EndProject
Project("{8BC9CEB8-8B4A-11D0-8D11-00A0C91BC942}") = "Week 12", "Week 12\Week 12.vcxproj", "{EDFE92DB-2F9B-463A-ACED-451562704A11}"
EndProject
Global
	GlobalSection(SolutionConfigurationPlatforms) = preSolution
		Debug|x64 = Debug|x64
		Debug|x86 = Debug|x86
		Release|x64 = Release|x64
		Release|x86 = Release|x86
	EndGlobalSection
	GlobalSection(ProjectConfigurationPlatforms) = postSolution
		{D7745A40-5BFA-483B-AD14-27F5C72B2012}.Debug|x64.ActiveCfg = Debug|x64
		{D7745A40-5BFA-483B-AD14-27F5C72B2012}.Debug|x64.Build.0 = Debug|x64
		{D7745A40-5BFA-483B-AD14-27F5C72B2012}.Debug|x86.ActiveCfg = Debug|Win32
		{D7745A40-5BFA-483B-AD14-27F5C72B2012}.Debug|x86.Build.0 = Debug|Win32
		{D7745A40-5BFA-483B-AD14-27F5C72B2012}.Release|x64.ActiveCfg = Release|x64
		{D7745A40-5BFA-483B-AD14-27F5C72B2012}.Release|x64.Build.0 = Release|x64
		{D7745A40-5BFA-483B-AD14-27F5C72B2012}.Release|x86.ActiveCfg = Release|Win32
		{D7745A40-5BFA-483B-AD14-27F5C72B2012}.Release|x86.Build.0 = Release|Win32
		{4E968929-5B14-4394-BEAE-AB4E82BF1F6C}.Debug|x64.ActiveCfg = Debug|x64
		{4E968929-5B14-4394-BEAE-AB4E82BF1F6C}.Debug|x64.Build.0 = Debug|x64
		{4E968929-5B14-4394-BEAE-AB4E82BF1F6C}.Debug|x86.ActiveCfg = Debug|Win32
		{4E968929-5B14-4394-BEAE-AB4E82BF1F6C}.Debug|x86.Build.0 = Debug|Win32
		{4E968929-5B14-4394-BEAE-AB4E82BF1F6C}.Release|x64.ActiveCfg = Release|x64
		{4E968929-5B14-4394-BEAE-AB4E82BF1F6C}.Release|x64.Build.0 = Release|x64
		{4E968929-5B14-4394-BEAE-AB4E82BF1F6C}.Release|x86.ActiveCfg = Release|Win32
		{4E968929-5B14-4394-BEAE-AB4E82BF1F6C}.Release|x86.Build.0 = Release|Win32
		{11F9D681-F271-49ED-81BE-4DA8CA2991B7}.Debug|x64.ActiveCfg = Debug|x64
		{11F9D681-F271-49ED-81BE-4DA8CA2991B7}.Debug|x64.Build.0 = Debug|x64
		{11F9D681-F271-49ED-81BE-4DA8CA2991B7}.Debug|x86.ActiveCfg = Debug|Win32
		{11F9D681-F271-49ED-81BE-4DA8CA2991B7}.Debug|x86.Build.0 = Debug|Win32
		{11F9D681-F271-49ED-81BE-4DA8CA2991B7}.Release|x64.ActiveCfg = Release|x64
		{11F9D681-F271-49ED-81BE-4DA8CA2991B7}.Release|x64.Build.0 = Release|x64
		{11F9D681-F271-49ED-81BE-4DA8CA2991B7}.Release|x86.ActiveCfg = Release|Win32
		{11F9D681-F271-49ED-81BE-4DA8CA2991B7}.Release|x86.Build.0 = Release|Win32
		{4A1880ED-4899-4293-A42D-03059F8D20FE}.Debug|x64.ActiveCfg = Debug|x64
		{4A1880ED-4899-4293-A42D-03059F8D20FE}.Debug|x64.Build.0 = Debug|x64
		{4A1880ED-4899-4293-A42D-03059F8D20FE}.Debug|x86.ActiveCfg = Debug|Win32
		{4A1880ED-4899-4293-A42D-03059F8D20FE}.Debug|x86.Build.0 = Debug|Win32
		{4A1880ED-4899-4293-A42D-03059F8D20FE}.Release|x64.ActiveCfg = Release|x64
		{4A1880ED-4899-4293-A42D-03059F8D20FE}.Release|x64.Build.0 = Release|x64
		{4A1880ED-4899-4293-A42D-03059F8D20FE}.Release|x86.ActiveCfg = Release|Win32
		{4A1880ED-4899-4293-A42D-03059F8D20FE}.Release|x86.Build.0 = Release|Win32
		{A3387971-9A74-4418-A2D7-4005689F8E9B}.Debug|x64.ActiveCfg = Debug|x64
		{A3387971-9A74-4418-A2D7-4005689F8E9B}.Debug|x64.Build.0 = Debug|x64
		{A3387971-9A74-4418-A2D7-4005689F8E9B}.Debug|x86.ActiveCfg = Debug|Win32
		{A3387971-9A74-4418-A2D7-4005689F8E9B}.Debug|x86.Build.0 = Debug|Win32
		{A3387971-9A74-4418-A2D7-4005689F8E9B}.Release|x64.ActiveCfg = Release|x64
		{A3387971-9A74-4418-A2D7-4005689F8E9B}.Release|x64.Build.0 = Release|x64
		{A3387971-9A74-4418-A2D7-4005689F8E9B}.Release|x86.ActiveCfg = Release|Win32
		{A3387971-9A74-4418-A2D7-4005689F8E9B}.Release|x86.Build.0 = Release|Win32
		{063C6C8C-A2D1-46F9-AB7B-51F696A69B7B}.Debug|x64.ActiveCfg = Debug|x64
		{063C6C8C-A2D1-46F9-AB7B-51F696A69B7B}.Debug|x64.Build.0 = Debug|x64
		{063C6C8C-A2D1-46F9-AB7B-51F696A69B7B}.Debug|x86.ActiveCfg = Debug|Win32
		{063C6C8C-A2D1-46F9-AB7B-51F696A69B7B}.Debug|x86.Build.0 = Debug|Win32
		{063C6C8C-A2D1-46F9-AB7B-51F696A69B7B}.Release|x64.ActiveCfg = Release|x64
		{063C6C8C-A2D1-46F9-AB7B-51F696A69B7B}.Release|x64.Build.0 = Release|x64
		{063C6C8C-A2D1-46F9-AB7B-51F696A69B7B}.Release|x86.ActiveCfg = Release|Win32
		{063C6C8C-A2D1-46F9-AB7B-51F696A69B7B}.Release|x86.Build.0 = Release|Win32
		{5B9FC6B5-ACB0-41B1-AF1F-70FD7B737E03}.Debug|x64.ActiveCfg = Debug|x64
		{5B9FC6B5-ACB0-41B1-AF1F-70FD7B737E03}.Debug|x64.Build.0 = Debug|x64
		{5B9FC6B5-ACB0-41B1-AF1F-70FD7B737E03}.Debug|x86.ActiveCfg = Debug|Win32
		{5B9FC6B5-ACB0-41B1-AF1F-70FD7B737E03}.Debug|x86.Build.0 = Debug|Win32
		{5B9FC6B5-ACB0-41B1-AF1F-70FD7B737E03}.Release|x64.ActiveCfg = Release|x64
		{5B9FC6B5-ACB0-41B1-AF1F-70FD7B737E03}.Release|x64.Build.0 = Release|x64
		{5B9FC6B5-ACB0-41B1-AF1F-70FD7B737E03}.Release|x86.ActiveCfg = Release|Win32
		{5B9FC6B5-ACB0-41B1-AF1F-70FD7B737E03}.Release|x86.Build.0 = Release|Win32
		{8F089A13-4242-46B3-927A-112C156A67B6}.Debug|x64.ActiveCfg = Debug|x64
		{8F089A13-4242-46B3-927A-112C156A67B6}.Debug|x64.Build.0 = Debug|x64
		{8F089A13-4242-46B3-927A-112C156A67B6}.Debug|x86.ActiveCfg = Debug|Win32
		{8F089A13-4242-46B3-927A-112C156A67B6}.Debug|x86.Build.0 = Debug|Win32
		{8F089A13-4242-46B3-927A-112C156A67B6}.Release|x64.ActiveCfg = Release|x64
		{8F089A13-4242-46B3-927A-112C156A67B6}.Release|x64.Build.0 = Release|x64
		{8F089A13-4242-46B3-927A-112C156A67B6}.Release|x86.ActiveCfg = Release|Win32
		{8F089A13-4242-46B3-927A-112C156A67B6}.Release|x86.Build.0 = Release|Win32
		{84B3A4C2-6C42-40AB-B22F-EDCC00F39EEF}.Debug|x64.ActiveCfg = Debug|x64
		{84B3A4C2-6C42-40AB-B22F-EDCC00F39EEF}.Debug|x64.Build.0 = Debug|x64
		{84B3A4C2-6C42-40AB-B22F-EDCC00F39EEF}.Debug|x86.ActiveCfg = Debug|Win32
		{84B3A4C2-6C42-40AB-B22F-EDCC00F39EEF}.Debug|x86.Build.0 = Debug|Win32
		{84B3A4C2-6C42-40AB-B22F-EDCC00F39EEF}.Release|x64.ActiveCfg = Release|x64
		{84B3A4C2-6C42-40AB-B22F-EDCC00F39EEF}.Release|x64.Build.0 = Release|x64
		{84B3A4C2-6C42-40AB-B22F-EDCC00F39EEF}.Release|x86.ActiveCfg = Release|Win32
		{84B3A4C2-6C42-40AB-B22F-EDCC00F39EEF}.Release|x86.Build.0 = Release|Win32
		{B2BA82FA-DB89-42B1-90E0-665D70A818BD}.Debug|x64.ActiveCfg = Debug|x64
		{B2BA82FA-DB89-42B1-90E0-665D70A818BD}.Debug|x64.Build.0 = Debug|x64
		{B2BA82FA-DB89-42B1-90E0-665D70A818BD}.Debug|x86.ActiveCfg = Debug|Win32
		{B2BA82FA-DB89-42B1-90E0-665D70A818BD}.Debug|x86.Build.0 = Debug|Win32
		{B2BA82FA-DB89-42B1-90E0-665D70A818BD}.Release|x64.ActiveCfg = Release|x64
		{B2BA82FA-DB89-42B1-90E0-665D70A818BD}.Release|x64.Build.0 = Release|x64
		{B2BA82FA-DB89-42B1-90E0-665D70A818BD}.Release|x86.ActiveCfg = Release|Win32
		{B2BA82FA-DB89-42B1-90E0-665D70A818BD}.Release|x86.Build.0 = Release|Win32
		{E833F051-A370-4245-BFF3-5E34AB8A30E6}.Debug|x64.ActiveCfg = Debug|x64
		{E833F051-A370-4245-BFF3-5E34AB8A30E6}.Debug|x64.Build.0 = Debug|x64
		{E833F051-A370-4245-BFF3-5E34AB8A30E6}.Debug|x86.ActiveCfg = Debug|Win32
		{E833F051-A370-4245-BFF3-5E34AB8A30E6}.Debug|x86.Build.0 = Debug|Win32
		{E833F051-A370-4245-BFF3-5E34AB8A30E6}.Release|x64.ActiveCfg = Release|x64
		{E833F051-A370-4245-BFF3-5E34AB8A30E6}.Release|x64.Build.0 = Release|x64
		{E833F051-A370-4245-BFF3-5E34AB8A30E6}.Release|x86.ActiveCfg = Release|Win32
		{E833F051-A370-4245-BFF3-5E34AB8A30E6}.Release|x86.Build.0 = Release|Win32
		{0B7A6EB0-8BA2-42B2-B1BC-A8A7D0128988}.Debug|x64.ActiveCfg = Debug|x64
		{0B7A6EB0-8BA2-42B2-B1BC-A8A7D0128988}.Debug|x64.Build.0 = Debug|x64
		{0B7A6EB0-8BA2-42B2-B1BC-A8A7D0128988}.Debug|x86.ActiveCfg = Debug|Win32
		{0B7A6EB0-8BA2-42B2-B1BC-A8A7D0128988}.Debug|x86.Build.0 = Debug|Win32
		{0B7A6EB0-8BA2-42B2-B1BC-A8A7D0128988}.Release|x64.ActiveCfg = Release|x64
		{0B7A6EB0-8BA2-42B2-B1BC-A8A7D0128988}.Release|x64.Build.0 = Release|x64
		{0B7A6EB0-8BA2-42B2-B1BC-A8A7D0128988}.Release|x86.ActiveCfg = Release|Win32
		{0B7A6EB0-8BA2-42B2-B1BC-A8A7D0128988}.Release|x86.Build.0 = Release|Win32
		{C0E6B6F7-7297-48F5-8BD9-13EE758E3B38}.Debug|x64.ActiveCfg = Debug|x64
		{C0E6B6F7-7297-48F5-8BD9-13EE758E3B38}.Debug|x64.Build.0 = Debug|x64
		{C0E6B6F7-7297-48F5-8BD9-13EE758E3B38}.Debug|x86.ActiveCfg = Debug|Win32
		{C0E6B6F7-7297-48F5-8BD9-13EE758E3B38}.Debug|x86.Build.0 = Debug|Win32
		{C0E6B6F7-7297-48F5-8BD9-13EE758E3B38}.Release|x64.ActiveCfg = Release|x64
		{C0E6B6F7-7297-48F5-8BD9-13EE758E3B38}.Release|x64.Build.0 = Release|x64
		{C0E6B6F7-7297-48F5-8BD9-13EE758E3B38}.Release|x86.ActiveCfg = Release|Win32
		{C0E6B6F7-7297-48F5-8BD9-13EE758E3B38}.Release|x86.Build.0 = Release|Win32
		{EDFE92DB-2F9B-463A-ACED-451562704A11}.Debug|x64.ActiveCfg = Debug|x64
		{EDFE92DB-2F9B-463A-ACED-451562704A11}.Debug|x64.Build.0 = Debug|x64
		{EDFE92DB-2F9B-463A-ACED-451562704A11}.Debug|x86.ActiveCfg = Debug|Win32
		{EDFE92DB-2F9B-463A-ACED-451562704A11}.Debug|x86.Build.0 = Debug|Win32
		{EDFE92DB-2F9B-463A-ACED-451562704A11}.Release|x64.ActiveCfg = Release|x64
		{EDFE92DB-2F9B-463A-ACED-451562704A11}.Release|x64.Build.0 = Release|x64
		{EDFE92DB-2F9B-463A-ACED-451562704A11}.Release|x86.ActiveCfg = Release|Win32
		{EDFE92DB-2F9B-463A-ACED-451562704A11}.Release|x86.Build.0 = Release|Win32
	EndGlobalSection
	GlobalSection(SolutionProperties) = preSolution
		HideSolutionNode = FALSE
	EndGlobalSection
	GlobalSection(ExtensibilityGlobals) = postSolution
		SolutionGuid = {C45F4B3D-C03D-4E39-9301-54AC1C5B17AC}
	EndGlobalSection
EndGlobal
